
Microsoft Visual Studio Solution File, Format Version 12.00
# Visual Studio Version 17
VisualStudioVersion = 17.6.33815.320
MinimumVisualStudioVersion = 10.0.40219.1
Project("{FAE04EC0-301F-11D3-BF4B-00C04F79EFBC}") = "Server", "Server\Server.csproj", "{DFDDA25B-07B5-498A-A863-3C62E1CCFE2D}"
EndProject
Project("{FAE04EC0-301F-11D3-BF4B-00C04F79EFBC}") = "Client", "Client\Client.csproj", "{721DA141-B28E-475E-8A5D-FA781B607F63}"
EndProject
Global
	GlobalSection(SolutionConfigurationPlatforms) = preSolution
		Debug|Any CPU = Debug|Any CPU
		Release|Any CPU = Release|Any CPU
	EndGlobalSection
	GlobalSection(ProjectConfigurationPlatforms) = postSolution
		{DFDDA25B-07B5-498A-A863-3C62E1CCFE2D}.Debug|Any CPU.ActiveCfg = Debug|Any CPU
		{DFDDA25B-07B5-498A-A863-3C62E1CCFE2D}.Debug|Any CPU.Build.0 = Debug|Any CPU
		{DFDDA25B-07B5-498A-A863-3C62E1CCFE2D}.Release|Any CPU.ActiveCfg = Release|Any CPU
		{DFDDA25B-07B5-498A-A863-3C62E1CCFE2D}.Release|Any CPU.Build.0 = Release|Any CPU
		{721DA141-B28E-475E-8A5D-FA781B607F63}.Debug|Any CPU.ActiveCfg = Debug|Any CPU
		{721DA141-B28E-475E-8A5D-FA781B607F63}.Debug|Any CPU.Build.0 = Debug|Any CPU
		{721DA141-B28E-475E-8A5D-FA781B607F63}.Release|Any CPU.ActiveCfg = Release|Any CPU
		{721DA141-B28E-475E-8A5D-FA781B607F63}.Release|Any CPU.Build.0 = Release|Any CPU
	EndGlobalSection
	GlobalSection(SolutionProperties) = preSolution
		HideSolutionNode = FALSE
	EndGlobalSection
	GlobalSection(ExtensibilityGlobals) = postSolution
		SolutionGuid = {53E639E1-5457-4FBC-8F16-5F11026E97BA}
	EndGlobalSection
EndGlobal
